
Microsoft Visual Studio Solution File, Format Version 12.00
# Visual Studio Version 17
VisualStudioVersion = 17.5.33414.496
MinimumVisualStudioVersion = 10.0.40219.1
Project("{FAE04EC0-301F-11D3-BF4B-00C04F79EFBC}") = "TPMODUL7_kelompokEliteGlobal_6", "TPMODUL7_kelompokEliteGlobal_6.csproj", "{654390D1-8F55-4B20-AED6-3BB7792CF055}"
EndProject
Global
	GlobalSection(SolutionConfigurationPlatforms) = preSolution
		Debug|Any CPU = Debug|Any CPU
		Release|Any CPU = Release|Any CPU
	EndGlobalSection
	GlobalSection(ProjectConfigurationPlatforms) = postSolution
		{654390D1-8F55-4B20-AED6-3BB7792CF055}.Debug|Any CPU.ActiveCfg = Debug|Any CPU
		{654390D1-8F55-4B20-AED6-3BB7792CF055}.Debug|Any CPU.Build.0 = Debug|Any CPU
		{654390D1-8F55-4B20-AED6-3BB7792CF055}.Release|Any CPU.ActiveCfg = Release|Any CPU
		{654390D1-8F55-4B20-AED6-3BB7792CF055}.Release|Any CPU.Build.0 = Release|Any CPU
	EndGlobalSection
	GlobalSection(SolutionProperties) = preSolution
		HideSolutionNode = FALSE
	EndGlobalSection
	GlobalSection(ExtensibilityGlobals) = postSolution
		SolutionGuid = {2CBF2B0B-52C3-430F-87C5-08C1F11DF41D}
	EndGlobalSection
EndGlobal
